// !$*UTF8*$!
{
	archiveVersion = 1;
	classes = {
	};
	objectVersion = 56;
	objects = {

/* Begin PBXBuildFile section */
		AA000001 /* KeychainTo1PasswordApp.swift in Sources */ = {isa = PBXBuildFile; fileRef = AB000001 /* KeychainTo1PasswordApp.swift */; };
		AA000002 /* ContentView.swift in Sources */ = {isa = PBXBuildFile; fileRef = AB000002 /* ContentView.swift */; };
		AA000003 /* DesignSystem.swift in Sources */ = {isa = PBXBuildFile; fileRef = AB000003 /* DesignSystem.swift */; };
		AA000004 /* KeychainItem.swift in Sources */ = {isa = PBXBuildFile; fileRef = AB000004 /* KeychainItem.swift */; };
		AA000005 /* MigrationState.swift in Sources */ = {isa = PBXBuildFile; fileRef = AB000005 /* MigrationState.swift */; };
		AA000006 /* KeychainReader.swift in Sources */ = {isa = PBXBuildFile; fileRef = AB000006 /* KeychainReader.swift */; };
		AA000007 /* OnePasswordWriter.swift in Sources */ = {isa = PBXBuildFile; fileRef = AB000007 /* OnePasswordWriter.swift */; };
		AA000008 /* MigrationManager.swift in Sources */ = {isa = PBXBuildFile; fileRef = AB000008 /* MigrationManager.swift */; };
		AA000009 /* Assets.xcassets in Resources */ = {isa = PBXBuildFile; fileRef = AB000009 /* Assets.xcassets */; };
		AA00000A /* Protocols.swift in Sources */ = {isa = PBXBuildFile; fileRef = AB00000C /* Protocols.swift */; };
		AA00000B /* OPCLIRunner.swift in Sources */ = {isa = PBXBuildFile; fileRef = AB00000D /* OPCLIRunner.swift */; };
		AA00000C /* OnePasswordReader.swift in Sources */ = {isa = PBXBuildFile; fileRef = AB00000E /* OnePasswordReader.swift */; };
		AA00000D /* KeychainWriter.swift in Sources */ = {isa = PBXBuildFile; fileRef = AB00000F /* KeychainWriter.swift */; };
		AA00000E /* OPVault.swift in Sources */ = {isa = PBXBuildFile; fileRef = AB000010 /* OPVault.swift */; };
		CC000001 /* KeychainReaderTests.swift in Sources */ = {isa = PBXBuildFile; fileRef = CD000001 /* KeychainReaderTests.swift */; };
		CC000002 /* OnePasswordWriterTests.swift in Sources */ = {isa = PBXBuildFile; fileRef = CD000002 /* OnePasswordWriterTests.swift */; };
		CC000003 /* MigrationManagerTests.swift in Sources */ = {isa = PBXBuildFile; fileRef = CD000003 /* MigrationManagerTests.swift */; };
		CC000004 /* IntegrationTests.swift in Sources */ = {isa = PBXBuildFile; fileRef = CD000004 /* IntegrationTests.swift */; };
		CC000005 /* Mocks.swift in Sources */ = {isa = PBXBuildFile; fileRef = CD000005 /* Mocks.swift */; };
/* End PBXBuildFile section */

/* Begin PBXContainerItemProxy section */
		CE000001 /* PBXContainerItemProxy */ = {
			isa = PBXContainerItemProxy;
			containerPortal = AF000001 /* Project object */;
			proxyType = 1;
			remoteGlobalIDString = AE000001;
			remoteInfo = KeychainTo1Password;
		};
/* End PBXContainerItemProxy section */

/* Begin PBXFileReference section */
		AB000001 /* KeychainTo1PasswordApp.swift */ = {isa = PBXFileReference; lastKnownFileType = sourcecode.swift; path = KeychainTo1PasswordApp.swift; sourceTree = "<group>"; };
		AB000002 /* ContentView.swift */ = {isa = PBXFileReference; lastKnownFileType = sourcecode.swift; path = ContentView.swift; sourceTree = "<group>"; };
		AB000003 /* DesignSystem.swift */ = {isa = PBXFileReference; lastKnownFileType = sourcecode.swift; path = DesignSystem.swift; sourceTree = "<group>"; };
		AB000004 /* KeychainItem.swift */ = {isa = PBXFileReference; lastKnownFileType = sourcecode.swift; path = KeychainItem.swift; sourceTree = "<group>"; };
		AB000005 /* MigrationState.swift */ = {isa = PBXFileReference; lastKnownFileType = sourcecode.swift; path = MigrationState.swift; sourceTree = "<group>"; };
		AB000006 /* KeychainReader.swift */ = {isa = PBXFileReference; lastKnownFileType = sourcecode.swift; path = KeychainReader.swift; sourceTree = "<group>"; };
		AB000007 /* OnePasswordWriter.swift */ = {isa = PBXFileReference; lastKnownFileType = sourcecode.swift; path = OnePasswordWriter.swift; sourceTree = "<group>"; };
		AB000008 /* MigrationManager.swift */ = {isa = PBXFileReference; lastKnownFileType = sourcecode.swift; path = MigrationManager.swift; sourceTree = "<group>"; };
		AB000009 /* Assets.xcassets */ = {isa = PBXFileReference; lastKnownFileType = folder.assetcatalog; path = Assets.xcassets; sourceTree = "<group>"; };
		AB00000A /* KeychainTo1Password.entitlements */ = {isa = PBXFileReference; lastKnownFileType = text.plist.entitlements; path = KeychainTo1Password.entitlements; sourceTree = "<group>"; };
		AB00000B /* KeychainTo1Password.app */ = {isa = PBXFileReference; explicitFileType = wrapper.application; includeInIndex = 0; path = KeychainTo1Password.app; sourceTree = BUILT_PRODUCTS_DIR; };
		AB00000C /* Protocols.swift */ = {isa = PBXFileReference; lastKnownFileType = sourcecode.swift; path = Protocols.swift; sourceTree = "<group>"; };
		AB00000D /* OPCLIRunner.swift */ = {isa = PBXFileReference; lastKnownFileType = sourcecode.swift; path = OPCLIRunner.swift; sourceTree = "<group>"; };
		AB00000E /* OnePasswordReader.swift */ = {isa = PBXFileReference; lastKnownFileType = sourcecode.swift; path = OnePasswordReader.swift; sourceTree = "<group>"; };
		AB00000F /* KeychainWriter.swift */ = {isa = PBXFileReference; lastKnownFileType = sourcecode.swift; path = KeychainWriter.swift; sourceTree = "<group>"; };
		AB000010 /* OPVault.swift */ = {isa = PBXFileReference; lastKnownFileType = sourcecode.swift; path = OPVault.swift; sourceTree = "<group>"; };
		CD000001 /* KeychainReaderTests.swift */ = {isa = PBXFileReference; lastKnownFileType = sourcecode.swift; path = KeychainReaderTests.swift; sourceTree = "<group>"; };
		CD000002 /* OnePasswordWriterTests.swift */ = {isa = PBXFileReference; lastKnownFileType = sourcecode.swift; path = OnePasswordWriterTests.swift; sourceTree = "<group>"; };
		CD000003 /* MigrationManagerTests.swift */ = {isa = PBXFileReference; lastKnownFileType = sourcecode.swift; path = MigrationManagerTests.swift; sourceTree = "<group>"; };
		CD000004 /* IntegrationTests.swift */ = {isa = PBXFileReference; lastKnownFileType = sourcecode.swift; path = IntegrationTests.swift; sourceTree = "<group>"; };
		CD000005 /* Mocks.swift */ = {isa = PBXFileReference; lastKnownFileType = sourcecode.swift; path = Mocks.swift; sourceTree = "<group>"; };
		CD000006 /* KeychainTo1PasswordTests.xctest */ = {isa = PBXFileReference; explicitFileType = wrapper.cfbundle; includeInIndex = 0; path = KeychainTo1PasswordTests.xctest; sourceTree = BUILT_PRODUCTS_DIR; };
/* End PBXFileReference section */

/* Begin PBXFrameworksBuildPhase section */
		AC000001 /* Frameworks */ = {
			isa = PBXFrameworksBuildPhase;
			buildActionMask = 2147483647;
			files = (
			);
			runOnlyForDeploymentPostprocessing = 0;
		};
		AC000002 /* Frameworks */ = {
			isa = PBXFrameworksBuildPhase;
			buildActionMask = 2147483647;
			files = (
			);
			runOnlyForDeploymentPostprocessing = 0;
		};
/* End PBXFrameworksBuildPhase section */

/* Begin PBXGroup section */
		AD000001 = {
			isa = PBXGroup;
			children = (
				AD000002 /* KeychainTo1Password */,
				AD000007 /* KeychainTo1PasswordTests */,
				AD000006 /* Products */,
			);
			sourceTree = "<group>";
		};
		AD000002 /* KeychainTo1Password */ = {
			isa = PBXGroup;
			children = (
				AB000001 /* KeychainTo1PasswordApp.swift */,
				AD000003 /* Views */,
				AD000004 /* Models */,
				AD000005 /* Services */,
				AB000009 /* Assets.xcassets */,
				AB00000A /* KeychainTo1Password.entitlements */,
			);
			path = KeychainTo1Password;
			sourceTree = "<group>";
		};
		AD000003 /* Views */ = {
			isa = PBXGroup;
			children = (
				AB000002 /* ContentView.swift */,
				AB000003 /* DesignSystem.swift */,
			);
			path = Views;
			sourceTree = "<group>";
		};
		AD000004 /* Models */ = {
			isa = PBXGroup;
			children = (
				AB000004 /* KeychainItem.swift */,
				AB000005 /* MigrationState.swift */,
				AB000010 /* OPVault.swift */,
			);
			path = Models;
			sourceTree = "<group>";
		};
		AD000005 /* Services */ = {
			isa = PBXGroup;
			children = (
				AB00000D /* OPCLIRunner.swift */,
				AB000006 /* KeychainReader.swift */,
				AB00000F /* KeychainWriter.swift */,
				AB00000E /* OnePasswordReader.swift */,
				AB000007 /* OnePasswordWriter.swift */,
				AB000008 /* MigrationManager.swift */,
				AB00000C /* Protocols.swift */,
			);
			path = Services;
			sourceTree = "<group>";
		};
		AD000006 /* Products */ = {
			isa = PBXGroup;
			children = (
				AB00000B /* KeychainTo1Password.app */,
				CD000006 /* KeychainTo1PasswordTests.xctest */,
			);
			name = Products;
			sourceTree = "<group>";
		};
		AD000007 /* KeychainTo1PasswordTests */ = {
			isa = PBXGroup;
			children = (
				CD000001 /* KeychainReaderTests.swift */,
				CD000002 /* OnePasswordWriterTests.swift */,
				CD000003 /* MigrationManagerTests.swift */,
				CD000004 /* IntegrationTests.swift */,
				CD000005 /* Mocks.swift */,
			);
			path = KeychainTo1PasswordTests;
			sourceTree = "<group>";
		};
/* End PBXGroup section */

/* Begin PBXNativeTarget section */
		AE000001 /* KeychainTo1Password */ = {
			isa = PBXNativeTarget;
			buildConfigurationList = AF000003 /* Build configuration list for PBXNativeTarget "KeychainTo1Password" */;
			buildPhases = (
				AE000002 /* Sources */,
				AC000001 /* Frameworks */,
				AE000003 /* Resources */,
			);
			buildRules = (
			);
			dependencies = (
			);
			name = KeychainTo1Password;
			productName = KeychainTo1Password;
			productReference = AB00000B /* KeychainTo1Password.app */;
			productType = "com.apple.product-type.application";
		};
		AE000004 /* KeychainTo1PasswordTests */ = {
			isa = PBXNativeTarget;
			buildConfigurationList = AF000004 /* Build configuration list for PBXNativeTarget "KeychainTo1PasswordTests" */;
			buildPhases = (
				AE000005 /* Sources */,
				AC000002 /* Frameworks */,
				AE000006 /* Resources */,
			);
			buildRules = (
			);
			dependencies = (
				CE000002 /* PBXTargetDependency */,
			);
			name = KeychainTo1PasswordTests;
			productName = KeychainTo1PasswordTests;
			productReference = CD000006 /* KeychainTo1PasswordTests.xctest */;
			productType = "com.apple.product-type.bundle.unit-test";
		};
/* End PBXNativeTarget section */

/* Begin PBXProject section */
		AF000001 /* Project object */ = {
			isa = PBXProject;
			attributes = {
				BuildIndependentTargetsInParallel = 1;
				LastSwiftUpdateCheck = 1540;
				LastUpgradeCheck = 1540;
				TargetAttributes = {
					AE000001 = {
						CreatedOnToolsVersion = 15.4;
					};
					AE000004 = {
						CreatedOnToolsVersion = 15.4;
						TestTargetID = AE000001;
					};
				};
			};
			buildConfigurationList = AF000002 /* Build configuration list for PBXProject "KeychainTo1Password" */;
			compatibilityVersion = "Xcode 14.0";
			developmentRegion = en;
			hasScannedForEncodings = 0;
			knownRegions = (
				en,
				Base,
			);
			mainGroup = AD000001;
			productRefGroup = AD000006 /* Products */;
			projectDirPath = "";
			projectRoot = "";
			targets = (
				AE000001 /* KeychainTo1Password */,
				AE000004 /* KeychainTo1PasswordTests */,
			);
		};
/* End PBXProject section */

/* Begin PBXResourcesBuildPhase section */
		AE000003 /* Resources */ = {
			isa = PBXResourcesBuildPhase;
			buildActionMask = 2147483647;
			files = (
				AA000009 /* Assets.xcassets in Resources */,
			);
			runOnlyForDeploymentPostprocessing = 0;
		};
		AE000006 /* Resources */ = {
			isa = PBXResourcesBuildPhase;
			buildActionMask = 2147483647;
			files = (
			);
			runOnlyForDeploymentPostprocessing = 0;
		};
/* End PBXResourcesBuildPhase section */

/* Begin PBXSourcesBuildPhase section */
		AE000002 /* Sources */ = {
			isa = PBXSourcesBuildPhase;
			buildActionMask = 2147483647;
			files = (
				AA000001 /* KeychainTo1PasswordApp.swift in Sources */,
				AA000002 /* ContentView.swift in Sources */,
				AA000003 /* DesignSystem.swift in Sources */,
				AA000004 /* KeychainItem.swift in Sources */,
				AA000005 /* MigrationState.swift in Sources */,
				AA000006 /* KeychainReader.swift in Sources */,
				AA000007 /* OnePasswordWriter.swift in Sources */,
				AA000008 /* MigrationManager.swift in Sources */,
				AA00000A /* Protocols.swift in Sources */,
				AA00000B /* OPCLIRunner.swift in Sources */,
				AA00000C /* OnePasswordReader.swift in Sources */,
				AA00000D /* KeychainWriter.swift in Sources */,
				AA00000E /* OPVault.swift in Sources */,
			);
			runOnlyForDeploymentPostprocessing = 0;
		};
		AE000005 /* Sources */ = {
			isa = PBXSourcesBuildPhase;
			buildActionMask = 2147483647;
			files = (
				CC000001 /* KeychainReaderTests.swift in Sources */,
				CC000002 /* OnePasswordWriterTests.swift in Sources */,
				CC000003 /* MigrationManagerTests.swift in Sources */,
				CC000004 /* IntegrationTests.swift in Sources */,
				CC000005 /* Mocks.swift in Sources */,
			);
			runOnlyForDeploymentPostprocessing = 0;
		};
/* End PBXSourcesBuildPhase section */

/* Begin PBXTargetDependency section */
		CE000002 /* PBXTargetDependency */ = {
			isa = PBXTargetDependency;
			target = AE000001 /* KeychainTo1Password */;
			targetProxy = CE000001 /* PBXContainerItemProxy */;
		};
/* End PBXTargetDependency section */

/* Begin XCBuildConfiguration section */
		B0000001 /* Debug */ = {
			isa = XCBuildConfiguration;
			buildSettings = {
				ALWAYS_SEARCH_USER_PATHS = NO;
				ASSETCATALOG_COMPILER_GENERATE_SWIFT_ASSET_SYMBOL_EXTENSIONS = YES;
				CLANG_ANALYZER_NONNULL = YES;
				CLANG_ANALYZER_NUMBER_OBJECT_CONVERSION = YES_AGGRESSIVE;
				CLANG_CXX_LANGUAGE_STANDARD = "gnu++20";
				CLANG_ENABLE_MODULES = YES;
				CLANG_ENABLE_OBJC_ARC = YES;
				CLANG_ENABLE_OBJC_WEAK = YES;
				CLANG_WARN_BLOCK_CAPTURE_AUTORELEASING = YES;
				CLANG_WARN_BOOL_CONVERSION = YES;
				CLANG_WARN_COMMA = YES;
				CLANG_WARN_CONSTANT_CONVERSION = YES;
				CLANG_WARN_DEPRECATED_OBJC_IMPLEMENTATIONS = YES;
				CLANG_WARN_DIRECT_OBJC_ISA_USAGE = YES_ERROR;
				CLANG_WARN_DOCUMENTATION_COMMENTS = YES;
				CLANG_WARN_EMPTY_BODY = YES;
				CLANG_WARN_ENUM_CONVERSION = YES;
				CLANG_WARN_INFINITE_RECURSION = YES;
				CLANG_WARN_INT_CONVERSION = YES;
				CLANG_WARN_NON_LITERAL_NULL_CONVERSION = YES;
				CLANG_WARN_OBJC_IMPLICIT_RETAIN_SELF = YES;
				CLANG_WARN_OBJC_LITERAL_CONVERSION = YES;
				CLANG_WARN_OBJC_ROOT_CLASS = YES_ERROR;
				CLANG_WARN_QUOTED_INCLUDE_IN_FRAMEWORK_HEADER = YES;
				CLANG_WARN_RANGE_LOOP_ANALYSIS = YES;
				CLANG_WARN_STRICT_PROTOTYPES = YES;
				CLANG_WARN_SUSPICIOUS_MOVE = YES;
				CLANG_WARN_UNGUARDED_AVAILABILITY = YES_AGGRESSIVE;
				CLANG_WARN_UNREACHABLE_CODE = YES;
				CLANG_WARN__DUPLICATE_METHOD_MATCH = YES;
				COPY_PHASE_STRIP = NO;
				DEBUG_INFORMATION_FORMAT = dwarf;
				ENABLE_STRICT_OBJC_MSGSEND = YES;
				ENABLE_TESTABILITY = YES;
				ENABLE_USER_SCRIPT_SANDBOXING = YES;
				GCC_C_LANGUAGE_STANDARD = gnu17;
				GCC_DYNAMIC_NO_PIC = NO;
				GCC_NO_COMMON_BLOCKS = YES;
				GCC_OPTIMIZATION_LEVEL = 0;
				GCC_PREPROCESSOR_DEFINITIONS = (
					"DEBUG=1",
					"$(inherited)",
				);
				GCC_WARN_64_TO_32_BIT_CONVERSION = YES;
				GCC_WARN_ABOUT_RETURN_TYPE = YES_ERROR;
				GCC_WARN_UNDECLARED_SELECTOR = YES;
				GCC_WARN_UNINITIALIZED_AUTOS = YES_AGGRESSIVE;
				GCC_WARN_UNUSED_FUNCTION = YES;
				GCC_WARN_UNUSED_VARIABLE = YES;
				MACOSX_DEPLOYMENT_TARGET = 14.0;
				MTL_ENABLE_DEBUG_INFO = INCLUDE_SOURCE;
				MTL_FAST_MATH = YES;
				ONLY_ACTIVE_ARCH = YES;
				SDKROOT = macosx;
				SWIFT_ACTIVE_COMPILATION_CONDITIONS = "$(inherited) DEBUG";
				SWIFT_OPTIMIZATION_LEVEL = "-Onone";
			};
			name = Debug;
		};
		B0000002 /* Release */ = {
			isa = XCBuildConfiguration;
			buildSettings = {
				ALWAYS_SEARCH_USER_PATHS = NO;
				ASSETCATALOG_COMPILER_GENERATE_SWIFT_ASSET_SYMBOL_EXTENSIONS = YES;
				CLANG_ANALYZER_NONNULL = YES;
				CLANG_ANALYZER_NUMBER_OBJECT_CONVERSION = YES_AGGRESSIVE;
				CLANG_CXX_LANGUAGE_STANDARD = "gnu++20";
				CLANG_ENABLE_MODULES = YES;
				CLANG_ENABLE_OBJC_ARC = YES;
				CLANG_ENABLE_OBJC_WEAK = YES;
				CLANG_WARN_BLOCK_CAPTURE_AUTORELEASING = YES;
				CLANG_WARN_BOOL_CONVERSION = YES;
				CLANG_WARN_COMMA = YES;
				CLANG_WARN_CONSTANT_CONVERSION = YES;
				CLANG_WARN_DEPRECATED_OBJC_IMPLEMENTATIONS = YES;
				CLANG_WARN_DIRECT_OBJC_ISA_USAGE = YES_ERROR;
				CLANG_WARN_DOCUMENTATION_COMMENTS = YES;
				CLANG_WARN_EMPTY_BODY = YES;
				CLANG_WARN_ENUM_CONVERSION = YES;
				CLANG_WARN_INFINITE_RECURSION = YES;
				CLANG_WARN_INT_CONVERSION = YES;
				CLANG_WARN_NON_LITERAL_NULL_CONVERSION = YES;
				CLANG_WARN_OBJC_IMPLICIT_RETAIN_SELF = YES;
				CLANG_WARN_OBJC_LITERAL_CONVERSION = YES;
				CLANG_WARN_OBJC_ROOT_CLASS = YES_ERROR;
				CLANG_WARN_QUOTED_INCLUDE_IN_FRAMEWORK_HEADER = YES;
				CLANG_WARN_RANGE_LOOP_ANALYSIS = YES;
				CLANG_WARN_STRICT_PROTOTYPES = YES;
				CLANG_WARN_SUSPICIOUS_MOVE = YES;
				CLANG_WARN_UNGUARDED_AVAILABILITY = YES_AGGRESSIVE;
				CLANG_WARN_UNREACHABLE_CODE = YES;
				CLANG_WARN__DUPLICATE_METHOD_MATCH = YES;
				COPY_PHASE_STRIP = NO;
				DEBUG_INFORMATION_FORMAT = "dwarf-with-dsym";
				ENABLE_NS_ASSERTIONS = NO;
				ENABLE_STRICT_OBJC_MSGSEND = YES;
				ENABLE_USER_SCRIPT_SANDBOXING = YES;
				GCC_C_LANGUAGE_STANDARD = gnu17;
				GCC_NO_COMMON_BLOCKS = YES;
				GCC_WARN_64_TO_32_BIT_CONVERSION = YES;
				GCC_WARN_ABOUT_RETURN_TYPE = YES_ERROR;
				GCC_WARN_UNDECLARED_SELECTOR = YES;
				GCC_WARN_UNINITIALIZED_AUTOS = YES_AGGRESSIVE;
				GCC_WARN_UNUSED_FUNCTION = YES;
				GCC_WARN_UNUSED_VARIABLE = YES;
				MACOSX_DEPLOYMENT_TARGET = 14.0;
				MTL_ENABLE_DEBUG_INFO = NO;
				MTL_FAST_MATH = YES;
				SDKROOT = macosx;
				SWIFT_COMPILATION_MODE = wholemodule;
			};
			name = Release;
		};
		B0000003 /* Debug */ = {
			isa = XCBuildConfiguration;
			buildSettings = {
				ASSETCATALOG_COMPILER_APPICON_NAME = AppIcon;
				ASSETCATALOG_COMPILER_GLOBAL_ACCENT_COLOR_NAME = AccentColor;
				CODE_SIGN_ENTITLEMENTS = KeychainTo1Password/KeychainTo1Password.entitlements;
				CODE_SIGN_STYLE = Automatic;
				COMBINE_HIDPI_IMAGES = YES;
				CURRENT_PROJECT_VERSION = 2;
				DEVELOPMENT_TEAM = "";
				ENABLE_HARDENED_RUNTIME = YES;
				GENERATE_INFOPLIST_FILE = YES;
				INFOPLIST_KEY_CFBundleDisplayName = KeychainTo1Password;
				INFOPLIST_KEY_LSApplicationCategoryType = "public.app-category.utilities";
				INFOPLIST_KEY_NSHumanReadableCopyright = "Copyright © 2026 Jordan Koch. All rights reserved.";
				LD_RUNPATH_SEARCH_PATHS = (
					"$(inherited)",
					"@executable_path/../Frameworks",
				);
				MARKETING_VERSION = 2.0.0;
				PRODUCT_BUNDLE_IDENTIFIER = net.digitalnoise.KeychainTo1Password;
				PRODUCT_NAME = "$(TARGET_NAME)";
				SWIFT_EMIT_LOC_STRINGS = YES;
				SWIFT_STRICT_CONCURRENCY = complete;
				SWIFT_VERSION = 5.0;
			};
			name = Debug;
		};
		B0000004 /* Release */ = {
			isa = XCBuildConfiguration;
			buildSettings = {
				ASSETCATALOG_COMPILER_APPICON_NAME = AppIcon;
				ASSETCATALOG_COMPILER_GLOBAL_ACCENT_COLOR_NAME = AccentColor;
				CODE_SIGN_ENTITLEMENTS = KeychainTo1Password/KeychainTo1Password.entitlements;
				CODE_SIGN_STYLE = Automatic;
				COMBINE_HIDPI_IMAGES = YES;
				CURRENT_PROJECT_VERSION = 2;
				DEVELOPMENT_TEAM = "";
				ENABLE_HARDENED_RUNTIME = YES;
				GENERATE_INFOPLIST_FILE = YES;
				INFOPLIST_KEY_CFBundleDisplayName = KeychainTo1Password;
				INFOPLIST_KEY_LSApplicationCategoryType = "public.app-category.utilities";
				INFOPLIST_KEY_NSHumanReadableCopyright = "Copyright © 2026 Jordan Koch. All rights reserved.";
				LD_RUNPATH_SEARCH_PATHS = (
					"$(inherited)",
					"@executable_path/../Frameworks",
				);
				MARKETING_VERSION = 2.0.0;
				PRODUCT_BUNDLE_IDENTIFIER = net.digitalnoise.KeychainTo1Password;
				PRODUCT_NAME = "$(TARGET_NAME)";
				SWIFT_EMIT_LOC_STRINGS = YES;
				SWIFT_STRICT_CONCURRENCY = complete;
				SWIFT_VERSION = 5.0;
			};
			name = Release;
		};
		B0000005 /* Debug */ = {
			isa = XCBuildConfiguration;
			buildSettings = {
				BUNDLE_LOADER = "$(TEST_HOST)";
				CODE_SIGN_STYLE = Automatic;
				CURRENT_PROJECT_VERSION = 1;
				DEVELOPMENT_TEAM = "";
				GENERATE_INFOPLIST_FILE = YES;
				MACOSX_DEPLOYMENT_TARGET = 14.0;
				MARKETING_VERSION = 1.0.0;
				PRODUCT_BUNDLE_IDENTIFIER = net.digitalnoise.KeychainTo1PasswordTests;
				PRODUCT_NAME = "$(TARGET_NAME)";
				SWIFT_EMIT_LOC_STRINGS = NO;
				SWIFT_STRICT_CONCURRENCY = complete;
				SWIFT_VERSION = 5.0;
				TEST_HOST = "$(BUILT_PRODUCTS_DIR)/KeychainTo1Password.app/Contents/MacOS/KeychainTo1Password";
			};
			name = Debug;
		};
		B0000006 /* Release */ = {
			isa = XCBuildConfiguration;
			buildSettings = {
				BUNDLE_LOADER = "$(TEST_HOST)";
				CODE_SIGN_STYLE = Automatic;
				CURRENT_PROJECT_VERSION = 1;
				DEVELOPMENT_TEAM = "";
				GENERATE_INFOPLIST_FILE = YES;
				MACOSX_DEPLOYMENT_TARGET = 14.0;
				MARKETING_VERSION = 1.0.0;
				PRODUCT_BUNDLE_IDENTIFIER = net.digitalnoise.KeychainTo1PasswordTests;
				PRODUCT_NAME = "$(TARGET_NAME)";
				SWIFT_EMIT_LOC_STRINGS = NO;
				SWIFT_STRICT_CONCURRENCY = complete;
				SWIFT_VERSION = 5.0;
				TEST_HOST = "$(BUILT_PRODUCTS_DIR)/KeychainTo1Password.app/Contents/MacOS/KeychainTo1Password";
			};
			name = Release;
		};
/* End XCBuildConfiguration section */

/* Begin XCConfigurationList section */
		AF000002 /* Build configuration list for PBXProject "KeychainTo1Password" */ = {
			isa = XCConfigurationList;
			buildConfigurations = (
				B0000001 /* Debug */,
				B0000002 /* Release */,
			);
			defaultConfigurationIsVisible = 0;
			defaultConfigurationName = Release;
		};
		AF000003 /* Build configuration list for PBXNativeTarget "KeychainTo1Password" */ = {
			isa = XCConfigurationList;
			buildConfigurations = (
				B0000003 /* Debug */,
				B0000004 /* Release */,
			);
			defaultConfigurationIsVisible = 0;
			defaultConfigurationName = Release;
		};
		AF000004 /* Build configuration list for PBXNativeTarget "KeychainTo1PasswordTests" */ = {
			isa = XCConfigurationList;
			buildConfigurations = (
				B0000005 /* Debug */,
				B0000006 /* Release */,
			);
			defaultConfigurationIsVisible = 0;
			defaultConfigurationName = Release;
		};
/* End XCConfigurationList section */

	};
	rootObject = AF000001 /* Project object */;
}
